
Microsoft Visual Studio Solution File, Format Version 12.00
# Visual Studio 15
VisualStudioVersion = 15.0.26730.10
MinimumVisualStudioVersion = 10.0.40219.1
Project("{FAE04EC0-301F-11D3-BF4B-00C04F79EFBC}") = "ImageViwer", "ImageViwer\ImageViwer.csproj", "{00810DC7-32E9-4D7A-849E-FB0DE3E07664}"
EndProject
Project("{FAE04EC0-301F-11D3-BF4B-00C04F79EFBC}") = "ImageViewer.BL", "ImageViewer.BL\ImageViewer.BL.csproj", "{70A250A7-8745-427F-98B5-A89A796BEC18}"
EndProject
Global
	GlobalSection(SolutionConfigurationPlatforms) = preSolution
		Debug|Any CPU = Debug|Any CPU
		Release|Any CPU = Release|Any CPU
	EndGlobalSection
	GlobalSection(ProjectConfigurationPlatforms) = postSolution
		{00810DC7-32E9-4D7A-849E-FB0DE3E07664}.Debug|Any CPU.ActiveCfg = Debug|Any CPU
		{00810DC7-32E9-4D7A-849E-FB0DE3E07664}.Debug|Any CPU.Build.0 = Debug|Any CPU
		{00810DC7-32E9-4D7A-849E-FB0DE3E07664}.Release|Any CPU.ActiveCfg = Release|Any CPU
		{00810DC7-32E9-4D7A-849E-FB0DE3E07664}.Release|Any CPU.Build.0 = Release|Any CPU
		{70A250A7-8745-427F-98B5-A89A796BEC18}.Debug|Any CPU.ActiveCfg = Debug|Any CPU
		{70A250A7-8745-427F-98B5-A89A796BEC18}.Debug|Any CPU.Build.0 = Debug|Any CPU
		{70A250A7-8745-427F-98B5-A89A796BEC18}.Release|Any CPU.ActiveCfg = Release|Any CPU
		{70A250A7-8745-427F-98B5-A89A796BEC18}.Release|Any CPU.Build.0 = Release|Any CPU
	EndGlobalSection
	GlobalSection(SolutionProperties) = preSolution
		HideSolutionNode = FALSE
	EndGlobalSection
	GlobalSection(ExtensibilityGlobals) = postSolution
		SolutionGuid = {47BFC244-B0A2-49E0-8A0E-B7F198674814}
	EndGlobalSection
EndGlobal
